
Microsoft Visual Studio Solution File, Format Version 12.00
# Visual Studio Version 16
VisualStudioVersion = 16.6.30114.105
MinimumVisualStudioVersion = 10.0.40219.1
Project("{2150E333-8FDC-42A3-9474-1A3956D46DE8}") = "src", "src", "{13D8981D-AFB6-4E2C-9E8F-0068BEF8B3CE}"
EndProject
Project("{FAE04EC0-301F-11D3-BF4B-00C04F79EFBC}") = "ColourApi", "src\ColourApi\ColourApi.csproj", "{44F45F8C-74F5-44EE-9F58-CC314CA1B5DD}"
EndProject
Project("{2150E333-8FDC-42A3-9474-1A3956D46DE8}") = "test", "test", "{9A59854E-7B7F-4D2E-86ED-E4FE3D2FF0F8}"
EndProject
Project("{FAE04EC0-301F-11D3-BF4B-00C04F79EFBC}") = "ColourApi.Test", "test\ColourApi.Test\ColourApi.Test.csproj", "{8123DAB3-A44B-4B94-9CC9-4FD5C2F3CAF1}"
EndProject
Global
	GlobalSection(SolutionConfigurationPlatforms) = preSolution
		Debug|Any CPU = Debug|Any CPU
		Debug|x64 = Debug|x64
		Debug|x86 = Debug|x86
		Release|Any CPU = Release|Any CPU
		Release|x64 = Release|x64
		Release|x86 = Release|x86
	EndGlobalSection
	GlobalSection(SolutionProperties) = preSolution
		HideSolutionNode = FALSE
	EndGlobalSection
	GlobalSection(ProjectConfigurationPlatforms) = postSolution
		{44F45F8C-74F5-44EE-9F58-CC314CA1B5DD}.Debug|Any CPU.ActiveCfg = Debug|Any CPU
		{44F45F8C-74F5-44EE-9F58-CC314CA1B5DD}.Debug|Any CPU.Build.0 = Debug|Any CPU
		{44F45F8C-74F5-44EE-9F58-CC314CA1B5DD}.Debug|x64.ActiveCfg = Debug|Any CPU
		{44F45F8C-74F5-44EE-9F58-CC314CA1B5DD}.Debug|x64.Build.0 = Debug|Any CPU
		{44F45F8C-74F5-44EE-9F58-CC314CA1B5DD}.Debug|x86.ActiveCfg = Debug|Any CPU
		{44F45F8C-74F5-44EE-9F58-CC314CA1B5DD}.Debug|x86.Build.0 = Debug|Any CPU
		{44F45F8C-74F5-44EE-9F58-CC314CA1B5DD}.Release|Any CPU.ActiveCfg = Release|Any CPU
		{44F45F8C-74F5-44EE-9F58-CC314CA1B5DD}.Release|Any CPU.Build.0 = Release|Any CPU
		{44F45F8C-74F5-44EE-9F58-CC314CA1B5DD}.Release|x64.ActiveCfg = Release|Any CPU
		{44F45F8C-74F5-44EE-9F58-CC314CA1B5DD}.Release|x64.Build.0 = Release|Any CPU
		{44F45F8C-74F5-44EE-9F58-CC314CA1B5DD}.Release|x86.ActiveCfg = Release|Any CPU
		{44F45F8C-74F5-44EE-9F58-CC314CA1B5DD}.Release|x86.Build.0 = Release|Any CPU
		{8123DAB3-A44B-4B94-9CC9-4FD5C2F3CAF1}.Debug|Any CPU.ActiveCfg = Debug|Any CPU
		{8123DAB3-A44B-4B94-9CC9-4FD5C2F3CAF1}.Debug|Any CPU.Build.0 = Debug|Any CPU
		{8123DAB3-A44B-4B94-9CC9-4FD5C2F3CAF1}.Debug|x64.ActiveCfg = Debug|Any CPU
		{8123DAB3-A44B-4B94-9CC9-4FD5C2F3CAF1}.Debug|x64.Build.0 = Debug|Any CPU
		{8123DAB3-A44B-4B94-9CC9-4FD5C2F3CAF1}.Debug|x86.ActiveCfg = Debug|Any CPU
		{8123DAB3-A44B-4B94-9CC9-4FD5C2F3CAF1}.Debug|x86.Build.0 = Debug|Any CPU
		{8123DAB3-A44B-4B94-9CC9-4FD5C2F3CAF1}.Release|Any CPU.ActiveCfg = Release|Any CPU
		{8123DAB3-A44B-4B94-9CC9-4FD5C2F3CAF1}.Release|Any CPU.Build.0 = Release|Any CPU
		{8123DAB3-A44B-4B94-9CC9-4FD5C2F3CAF1}.Release|x64.ActiveCfg = Release|Any CPU
		{8123DAB3-A44B-4B94-9CC9-4FD5C2F3CAF1}.Release|x64.Build.0 = Release|Any CPU
		{8123DAB3-A44B-4B94-9CC9-4FD5C2F3CAF1}.Release|x86.ActiveCfg = Release|Any CPU
		{8123DAB3-A44B-4B94-9CC9-4FD5C2F3CAF1}.Release|x86.Build.0 = Release|Any CPU
	EndGlobalSection
	GlobalSection(NestedProjects) = preSolution
		{44F45F8C-74F5-44EE-9F58-CC314CA1B5DD} = {13D8981D-AFB6-4E2C-9E8F-0068BEF8B3CE}
		{8123DAB3-A44B-4B94-9CC9-4FD5C2F3CAF1} = {9A59854E-7B7F-4D2E-86ED-E4FE3D2FF0F8}
	EndGlobalSection
EndGlobal
